
Microsoft Visual Studio Solution File, Format Version 12.00
# Visual Studio Version 17
VisualStudioVersion = 17.13.35818.85
MinimumVisualStudioVersion = 10.0.40219.1
Project("{FAE04EC0-301F-11D3-BF4B-00C04F79EFBC}") = "QuizApp", "QuizApp\QuizApp.csproj", "{4CE1AC5B-A21D-4FFB-974A-EE1F684F3271}"
EndProject
Project("{FAE04EC0-301F-11D3-BF4B-00C04F79EFBC}") = "QuizApp-Tests", "QuizApp-Tests\QuizApp-Tests.csproj", "{75EFC81F-1755-48BD-B483-B973A8CB36A5}"
EndProject
Global
	GlobalSection(SolutionConfigurationPlatforms) = preSolution
		Debug|Any CPU = Debug|Any CPU
		Release|Any CPU = Release|Any CPU
	EndGlobalSection
	GlobalSection(ProjectConfigurationPlatforms) = postSolution
		{4CE1AC5B-A21D-4FFB-974A-EE1F684F3271}.Debug|Any CPU.ActiveCfg = Debug|Any CPU
		{4CE1AC5B-A21D-4FFB-974A-EE1F684F3271}.Debug|Any CPU.Build.0 = Debug|Any CPU
		{4CE1AC5B-A21D-4FFB-974A-EE1F684F3271}.Release|Any CPU.ActiveCfg = Release|Any CPU
		{4CE1AC5B-A21D-4FFB-974A-EE1F684F3271}.Release|Any CPU.Build.0 = Release|Any CPU
		{75EFC81F-1755-48BD-B483-B973A8CB36A5}.Debug|Any CPU.ActiveCfg = Debug|Any CPU
		{75EFC81F-1755-48BD-B483-B973A8CB36A5}.Debug|Any CPU.Build.0 = Debug|Any CPU
		{75EFC81F-1755-48BD-B483-B973A8CB36A5}.Release|Any CPU.ActiveCfg = Release|Any CPU
		{75EFC81F-1755-48BD-B483-B973A8CB36A5}.Release|Any CPU.Build.0 = Release|Any CPU
	EndGlobalSection
	GlobalSection(SolutionProperties) = preSolution
		HideSolutionNode = FALSE
	EndGlobalSection
	GlobalSection(ExtensibilityGlobals) = postSolution
		SolutionGuid = {669F9506-96B5-46D7-B141-A239B6E82119}
	EndGlobalSection
EndGlobal
